// !$*UTF8*$!
{
	archiveVersion = 1;
	classes = {
	};
	objectVersion = 50;
	objects = {

/* Begin PBXBuildFile section */
		98DC7084245FED9A00A6CC4F /* Clinic.cpp in Sources */ = {isa = PBXBuildFile; fileRef = 98DC7081245FED9A00A6CC4F /* Clinic.cpp */; };
		98DC7085245FED9A00A6CC4F /* Doctor.cpp in Sources */ = {isa = PBXBuildFile; fileRef = 98DC7082245FED9A00A6CC4F /* Doctor.cpp */; };
		98DC7086245FED9A00A6CC4F /* Person.cpp in Sources */ = {isa = PBXBuildFile; fileRef = 98DC7083245FED9A00A6CC4F /* Person.cpp */; };
		98DC7089245FEDAC00A6CC4F /* Menu.cpp in Sources */ = {isa = PBXBuildFile; fileRef = 98DC7088245FEDAB00A6CC4F /* Menu.cpp */; };
		98DC708E245FEDC300A6CC4F /* Time.cpp in Sources */ = {isa = PBXBuildFile; fileRef = 98DC708A245FEDC300A6CC4F /* Time.cpp */; };
		98DC708F245FEDC300A6CC4F /* Date.cpp in Sources */ = {isa = PBXBuildFile; fileRef = 98DC708B245FEDC300A6CC4F /* Date.cpp */; };
		98DC7090245FEDC300A6CC4F /* Fullname.cpp in Sources */ = {isa = PBXBuildFile; fileRef = 98DC708C245FEDC300A6CC4F /* Fullname.cpp */; };
		98DC7091245FEDC300A6CC4F /* CreateFunctions.cpp in Sources */ = {isa = PBXBuildFile; fileRef = 98DC708D245FEDC300A6CC4F /* CreateFunctions.cpp */; };
		98DC7093245FEDF700A6CC4F /* main.cpp in Sources */ = {isa = PBXBuildFile; fileRef = 98DC7092245FEDF700A6CC4F /* main.cpp */; };
/* End PBXBuildFile section */

/* Begin PBXCopyFilesBuildPhase section */
		98910E0E2452154C00385F91 /* CopyFiles */ = {
			isa = PBXCopyFilesBuildPhase;
			buildActionMask = 2147483647;
			dstPath = /usr/share/man/man1/;
			dstSubfolderSpec = 0;
			files = (
			);
			runOnlyForDeploymentPostprocessing = 1;
		};
/* End PBXCopyFilesBuildPhase section */

/* Begin PBXFileReference section */
		98910E102452154C00385F91 /* OOP_6 */ = {isa = PBXFileReference; explicitFileType = "compiled.mach-o.executable"; includeInIndex = 0; path = OOP_6; sourceTree = BUILT_PRODUCTS_DIR; };
		98DC7079245FED6900A6CC4F /* Doctor.hpp */ = {isa = PBXFileReference; fileEncoding = 4; lastKnownFileType = sourcecode.cpp.h; name = Doctor.hpp; path = Headers/Classes/Doctor.hpp; sourceTree = "<group>"; };
		98DC707A245FED6900A6CC4F /* Person.hpp */ = {isa = PBXFileReference; fileEncoding = 4; lastKnownFileType = sourcecode.cpp.h; name = Person.hpp; path = Headers/Classes/Person.hpp; sourceTree = "<group>"; };
		98DC707B245FED6900A6CC4F /* Clinic.hpp */ = {isa = PBXFileReference; fileEncoding = 4; lastKnownFileType = sourcecode.cpp.h; name = Clinic.hpp; path = Headers/Classes/Clinic.hpp; sourceTree = "<group>"; };
		98DC707C245FED7F00A6CC4F /* Menu.hpp */ = {isa = PBXFileReference; fileEncoding = 4; lastKnownFileType = sourcecode.cpp.h; name = Menu.hpp; path = Headers/Interfaces/Menu.hpp; sourceTree = "<group>"; };
		98DC707E245FED8E00A6CC4F /* Time.hpp */ = {isa = PBXFileReference; fileEncoding = 4; lastKnownFileType = sourcecode.cpp.h; name = Time.hpp; path = Headers/Utilities/Time.hpp; sourceTree = "<group>"; };
		98DC707F245FED8E00A6CC4F /* Date.hpp */ = {isa = PBXFileReference; fileEncoding = 4; lastKnownFileType = sourcecode.cpp.h; name = Date.hpp; path = Headers/Utilities/Date.hpp; sourceTree = "<group>"; };
		98DC7080245FED8E00A6CC4F /* Fullname.hpp */ = {isa = PBXFileReference; fileEncoding = 4; lastKnownFileType = sourcecode.cpp.h; name = Fullname.hpp; path = Headers/Utilities/Fullname.hpp; sourceTree = "<group>"; };
		98DC7081245FED9A00A6CC4F /* Clinic.cpp */ = {isa = PBXFileReference; fileEncoding = 4; lastKnownFileType = sourcecode.cpp.cpp; name = Clinic.cpp; path = SourceCode/Classes/Clinic.cpp; sourceTree = "<group>"; };
		98DC7082245FED9A00A6CC4F /* Doctor.cpp */ = {isa = PBXFileReference; fileEncoding = 4; lastKnownFileType = sourcecode.cpp.cpp; name = Doctor.cpp; path = SourceCode/Classes/Doctor.cpp; sourceTree = "<group>"; };
		98DC7083245FED9A00A6CC4F /* Person.cpp */ = {isa = PBXFileReference; fileEncoding = 4; lastKnownFileType = sourcecode.cpp.cpp; name = Person.cpp; path = SourceCode/Classes/Person.cpp; sourceTree = "<group>"; };
		98DC7088245FEDAB00A6CC4F /* Menu.cpp */ = {isa = PBXFileReference; fileEncoding = 4; lastKnownFileType = sourcecode.cpp.cpp; name = Menu.cpp; path = SourceCode/Interfaces/Menu.cpp; sourceTree = "<group>"; };
		98DC708A245FEDC300A6CC4F /* Time.cpp */ = {isa = PBXFileReference; fileEncoding = 4; lastKnownFileType = sourcecode.cpp.cpp; name = Time.cpp; path = SourceCode/Utilities/Time.cpp; sourceTree = "<group>"; };
		98DC708B245FEDC300A6CC4F /* Date.cpp */ = {isa = PBXFileReference; fileEncoding = 4; lastKnownFileType = sourcecode.cpp.cpp; name = Date.cpp; path = SourceCode/Utilities/Date.cpp; sourceTree = "<group>"; };
		98DC708C245FEDC300A6CC4F /* Fullname.cpp */ = {isa = PBXFileReference; fileEncoding = 4; lastKnownFileType = sourcecode.cpp.cpp; name = Fullname.cpp; path = SourceCode/Utilities/Fullname.cpp; sourceTree = "<group>"; };
		98DC708D245FEDC300A6CC4F /* CreateFunctions.cpp */ = {isa = PBXFileReference; fileEncoding = 4; lastKnownFileType = sourcecode.cpp.cpp; name = CreateFunctions.cpp; path = SourceCode/Utilities/CreateFunctions.cpp; sourceTree = "<group>"; };
		98DC7092245FEDF700A6CC4F /* main.cpp */ = {isa = PBXFileReference; fileEncoding = 4; lastKnownFileType = sourcecode.cpp.cpp; path = main.cpp; sourceTree = "<group>"; };
		98DC7095245FEF5F00A6CC4F /* CreateFunctions.hpp */ = {isa = PBXFileReference; lastKnownFileType = sourcecode.cpp.h; name = CreateFunctions.hpp; path = Headers/Utilities/CreateFunctions.hpp; sourceTree = "<group>"; };
/* End PBXFileReference section */

/* Begin PBXFrameworksBuildPhase section */
		98910E0D2452154C00385F91 /* Frameworks */ = {
			isa = PBXFrameworksBuildPhase;
			buildActionMask = 2147483647;
			files = (
			);
			runOnlyForDeploymentPostprocessing = 0;
		};
/* End PBXFrameworksBuildPhase section */

/* Begin PBXGroup section */
		98318BA3245FE43D001F4E85 /* Interfaces */ = {
			isa = PBXGroup;
			children = (
				98DC707C245FED7F00A6CC4F /* Menu.hpp */,
			);
			name = Interfaces;
			sourceTree = "<group>";
		};
		98318BA7245FE454001F4E85 /* Interfaces */ = {
			isa = PBXGroup;
			children = (
				98DC7088245FEDAB00A6CC4F /* Menu.cpp */,
			);
			name = Interfaces;
			sourceTree = "<group>";
		};
		98318BA9245FE4A2001F4E85 /* Classes */ = {
			isa = PBXGroup;
			children = (
				98DC707B245FED6900A6CC4F /* Clinic.hpp */,
				98DC7079245FED6900A6CC4F /* Doctor.hpp */,
				98DC707A245FED6900A6CC4F /* Person.hpp */,
			);
			name = Classes;
			sourceTree = "<group>";
		};
		98318BAA245FE4B6001F4E85 /* Classes */ = {
			isa = PBXGroup;
			children = (
				98DC7081245FED9A00A6CC4F /* Clinic.cpp */,
				98DC7082245FED9A00A6CC4F /* Doctor.cpp */,
				98DC7083245FED9A00A6CC4F /* Person.cpp */,
			);
			name = Classes;
			sourceTree = "<group>";
		};
		98910E072452154C00385F91 = {
			isa = PBXGroup;
			children = (
				98910E122452154C00385F91 /* OOP_6 */,
				98910E112452154C00385F91 /* Products */,
			);
			sourceTree = "<group>";
		};
		98910E112452154C00385F91 /* Products */ = {
			isa = PBXGroup;
			children = (
				98910E102452154C00385F91 /* OOP_6 */,
			);
			name = Products;
			sourceTree = "<group>";
		};
		98910E122452154C00385F91 /* OOP_6 */ = {
			isa = PBXGroup;
			children = (
				98DC7092245FEDF700A6CC4F /* main.cpp */,
				98910E1B2452155D00385F91 /* Headers */,
				98910E1A2452155700385F91 /* SourceCode */,
			);
			path = OOP_6;
			sourceTree = "<group>";
		};
		98910E1A2452155700385F91 /* SourceCode */ = {
			isa = PBXGroup;
			children = (
				98318BAA245FE4B6001F4E85 /* Classes */,
				98318BA7245FE454001F4E85 /* Interfaces */,
				98910E1E245215DE00385F91 /* Utilities */,
			);
			name = SourceCode;
			sourceTree = "<group>";
		};
		98910E1B2452155D00385F91 /* Headers */ = {
			isa = PBXGroup;
			children = (
				98318BA9245FE4A2001F4E85 /* Classes */,
				98318BA3245FE43D001F4E85 /* Interfaces */,
				98910E1D245215D400385F91 /* Utilities */,
			);
			name = Headers;
			sourceTree = "<group>";
		};
		98910E1D245215D400385F91 /* Utilities */ = {
			isa = PBXGroup;
			children = (
				98DC707F245FED8E00A6CC4F /* Date.hpp */,
				98DC7080245FED8E00A6CC4F /* Fullname.hpp */,
				98DC707E245FED8E00A6CC4F /* Time.hpp */,
				98DC7095245FEF5F00A6CC4F /* CreateFunctions.hpp */,
			);
			name = Utilities;
			sourceTree = "<group>";
		};
		98910E1E245215DE00385F91 /* Utilities */ = {
			isa = PBXGroup;
			children = (
				98DC708D245FEDC300A6CC4F /* CreateFunctions.cpp */,
				98DC708B245FEDC300A6CC4F /* Date.cpp */,
				98DC708C245FEDC300A6CC4F /* Fullname.cpp */,
				98DC708A245FEDC300A6CC4F /* Time.cpp */,
			);
			name = Utilities;
			sourceTree = "<group>";
		};
/* End PBXGroup section */

/* Begin PBXNativeTarget section */
		98910E0F2452154C00385F91 /* OOP_6 */ = {
			isa = PBXNativeTarget;
			buildConfigurationList = 98910E172452154C00385F91 /* Build configuration list for PBXNativeTarget "OOP_6" */;
			buildPhases = (
				98910E0C2452154C00385F91 /* Sources */,
				98910E0D2452154C00385F91 /* Frameworks */,
				98910E0E2452154C00385F91 /* CopyFiles */,
			);
			buildRules = (
			);
			dependencies = (
			);
			name = OOP_6;
			productName = OOP_6;
			productReference = 98910E102452154C00385F91 /* OOP_6 */;
			productType = "com.apple.product-type.tool";
		};
/* End PBXNativeTarget section */

/* Begin PBXProject section */
		98910E082452154C00385F91 /* Project object */ = {
			isa = PBXProject;
			attributes = {
				LastUpgradeCheck = 1010;
				ORGANIZATIONNAME = "Николай Курко";
				TargetAttributes = {
					98910E0F2452154C00385F91 = {
						CreatedOnToolsVersion = 10.1;
					};
				};
			};
			buildConfigurationList = 98910E0B2452154C00385F91 /* Build configuration list for PBXProject "OOP_6" */;
			compatibilityVersion = "Xcode 9.3";
			developmentRegion = en;
			hasScannedForEncodings = 0;
			knownRegions = (
				en,
			);
			mainGroup = 98910E072452154C00385F91;
			productRefGroup = 98910E112452154C00385F91 /* Products */;
			projectDirPath = "";
			projectRoot = "";
			targets = (
				98910E0F2452154C00385F91 /* OOP_6 */,
			);
		};
/* End PBXProject section */

/* Begin PBXSourcesBuildPhase section */
		98910E0C2452154C00385F91 /* Sources */ = {
			isa = PBXSourcesBuildPhase;
			buildActionMask = 2147483647;
			files = (
				98DC7085245FED9A00A6CC4F /* Doctor.cpp in Sources */,
				98DC7091245FEDC300A6CC4F /* CreateFunctions.cpp in Sources */,
				98DC7093245FEDF700A6CC4F /* main.cpp in Sources */,
				98DC7086245FED9A00A6CC4F /* Person.cpp in Sources */,
				98DC7089245FEDAC00A6CC4F /* Menu.cpp in Sources */,
				98DC708F245FEDC300A6CC4F /* Date.cpp in Sources */,
				98DC7090245FEDC300A6CC4F /* Fullname.cpp in Sources */,
				98DC7084245FED9A00A6CC4F /* Clinic.cpp in Sources */,
				98DC708E245FEDC300A6CC4F /* Time.cpp in Sources */,
			);
			runOnlyForDeploymentPostprocessing = 0;
		};
/* End PBXSourcesBuildPhase section */

/* Begin XCBuildConfiguration section */
		98910E152452154C00385F91 /* Debug */ = {
			isa = XCBuildConfiguration;
			buildSettings = {
				ALWAYS_SEARCH_USER_PATHS = NO;
				CLANG_ANALYZER_NONNULL = YES;
				CLANG_ANALYZER_NUMBER_OBJECT_CONVERSION = YES_AGGRESSIVE;
				CLANG_CXX_LANGUAGE_STANDARD = "gnu++14";
				CLANG_CXX_LIBRARY = "libc++";
				CLANG_ENABLE_MODULES = YES;
				CLANG_ENABLE_OBJC_ARC = YES;
				CLANG_ENABLE_OBJC_WEAK = YES;
				CLANG_WARN_BLOCK_CAPTURE_AUTORELEASING = YES;
				CLANG_WARN_BOOL_CONVERSION = YES;
				CLANG_WARN_COMMA = YES;
				CLANG_WARN_CONSTANT_CONVERSION = YES;
				CLANG_WARN_DEPRECATED_OBJC_IMPLEMENTATIONS = YES;
				CLANG_WARN_DIRECT_OBJC_ISA_USAGE = YES_ERROR;
				CLANG_WARN_DOCUMENTATION_COMMENTS = YES;
				CLANG_WARN_EMPTY_BODY = YES;
				CLANG_WARN_ENUM_CONVERSION = YES;
				CLANG_WARN_INFINITE_RECURSION = YES;
				CLANG_WARN_INT_CONVERSION = YES;
				CLANG_WARN_NON_LITERAL_NULL_CONVERSION = YES;
				CLANG_WARN_OBJC_IMPLICIT_RETAIN_SELF = YES;
				CLANG_WARN_OBJC_LITERAL_CONVERSION = YES;
				CLANG_WARN_OBJC_ROOT_CLASS = YES_ERROR;
				CLANG_WARN_RANGE_LOOP_ANALYSIS = YES;
				CLANG_WARN_STRICT_PROTOTYPES = YES;
				CLANG_WARN_SUSPICIOUS_MOVE = YES;
				CLANG_WARN_UNGUARDED_AVAILABILITY = YES_AGGRESSIVE;
				CLANG_WARN_UNREACHABLE_CODE = YES;
				CLANG_WARN__DUPLICATE_METHOD_MATCH = YES;
				CODE_SIGN_IDENTITY = "-";
				COPY_PHASE_STRIP = NO;
				DEBUG_INFORMATION_FORMAT = dwarf;
				ENABLE_STRICT_OBJC_MSGSEND = YES;
				ENABLE_TESTABILITY = YES;
				GCC_C_LANGUAGE_STANDARD = gnu11;
				GCC_DYNAMIC_NO_PIC = NO;
				GCC_NO_COMMON_BLOCKS = YES;
				GCC_OPTIMIZATION_LEVEL = 0;
				GCC_PREPROCESSOR_DEFINITIONS = (
					"DEBUG=1",
					"$(inherited)",
				);
				GCC_WARN_64_TO_32_BIT_CONVERSION = YES;
				GCC_WARN_ABOUT_RETURN_TYPE = YES_ERROR;
				GCC_WARN_UNDECLARED_SELECTOR = YES;
				GCC_WARN_UNINITIALIZED_AUTOS = YES_AGGRESSIVE;
				GCC_WARN_UNUSED_FUNCTION = YES;
				GCC_WARN_UNUSED_VARIABLE = YES;
				MACOSX_DEPLOYMENT_TARGET = 10.14;
				MTL_ENABLE_DEBUG_INFO = INCLUDE_SOURCE;
				MTL_FAST_MATH = YES;
				ONLY_ACTIVE_ARCH = YES;
				SDKROOT = macosx;
			};
			name = Debug;
		};
		98910E162452154C00385F91 /* Release */ = {
			isa = XCBuildConfiguration;
			buildSettings = {
				ALWAYS_SEARCH_USER_PATHS = NO;
				CLANG_ANALYZER_NONNULL = YES;
				CLANG_ANALYZER_NUMBER_OBJECT_CONVERSION = YES_AGGRESSIVE;
				CLANG_CXX_LANGUAGE_STANDARD = "gnu++14";
				CLANG_CXX_LIBRARY = "libc++";
				CLANG_ENABLE_MODULES = YES;
				CLANG_ENABLE_OBJC_ARC = YES;
				CLANG_ENABLE_OBJC_WEAK = YES;
				CLANG_WARN_BLOCK_CAPTURE_AUTORELEASING = YES;
				CLANG_WARN_BOOL_CONVERSION = YES;
				CLANG_WARN_COMMA = YES;
				CLANG_WARN_CONSTANT_CONVERSION = YES;
				CLANG_WARN_DEPRECATED_OBJC_IMPLEMENTATIONS = YES;
				CLANG_WARN_DIRECT_OBJC_ISA_USAGE = YES_ERROR;
				CLANG_WARN_DOCUMENTATION_COMMENTS = YES;
				CLANG_WARN_EMPTY_BODY = YES;
				CLANG_WARN_ENUM_CONVERSION = YES;
				CLANG_WARN_INFINITE_RECURSION = YES;
				CLANG_WARN_INT_CONVERSION = YES;
				CLANG_WARN_NON_LITERAL_NULL_CONVERSION = YES;
				CLANG_WARN_OBJC_IMPLICIT_RETAIN_SELF = YES;
				CLANG_WARN_OBJC_LITERAL_CONVERSION = YES;
				CLANG_WARN_OBJC_ROOT_CLASS = YES_ERROR;
				CLANG_WARN_RANGE_LOOP_ANALYSIS = YES;
				CLANG_WARN_STRICT_PROTOTYPES = YES;
				CLANG_WARN_SUSPICIOUS_MOVE = YES;
				CLANG_WARN_UNGUARDED_AVAILABILITY = YES_AGGRESSIVE;
				CLANG_WARN_UNREACHABLE_CODE = YES;
				CLANG_WARN__DUPLICATE_METHOD_MATCH = YES;
				CODE_SIGN_IDENTITY = "-";
				COPY_PHASE_STRIP = NO;
				DEBUG_INFORMATION_FORMAT = "dwarf-with-dsym";
				ENABLE_NS_ASSERTIONS = NO;
				ENABLE_STRICT_OBJC_MSGSEND = YES;
				GCC_C_LANGUAGE_STANDARD = gnu11;
				GCC_NO_COMMON_BLOCKS = YES;
				GCC_WARN_64_TO_32_BIT_CONVERSION = YES;
				GCC_WARN_ABOUT_RETURN_TYPE = YES_ERROR;
				GCC_WARN_UNDECLARED_SELECTOR = YES;
				GCC_WARN_UNINITIALIZED_AUTOS = YES_AGGRESSIVE;
				GCC_WARN_UNUSED_FUNCTION = YES;
				GCC_WARN_UNUSED_VARIABLE = YES;
				MACOSX_DEPLOYMENT_TARGET = 10.14;
				MTL_ENABLE_DEBUG_INFO = NO;
				MTL_FAST_MATH = YES;
				SDKROOT = macosx;
			};
			name = Release;
		};
		98910E182452154C00385F91 /* Debug */ = {
			isa = XCBuildConfiguration;
			buildSettings = {
				CLANG_CXX_LANGUAGE_STANDARD = "gnu++17";
				CODE_SIGN_STYLE = Automatic;
				PRODUCT_NAME = "$(TARGET_NAME)";
			};
			name = Debug;
		};
		98910E192452154C00385F91 /* Release */ = {
			isa = XCBuildConfiguration;
			buildSettings = {
				CLANG_CXX_LANGUAGE_STANDARD = "gnu++17";
				CODE_SIGN_STYLE = Automatic;
				PRODUCT_NAME = "$(TARGET_NAME)";
			};
			name = Release;
		};
/* End XCBuildConfiguration section */

/* Begin XCConfigurationList section */
		98910E0B2452154C00385F91 /* Build configuration list for PBXProject "OOP_6" */ = {
			isa = XCConfigurationList;
			buildConfigurations = (
				98910E152452154C00385F91 /* Debug */,
				98910E162452154C00385F91 /* Release */,
			);
			defaultConfigurationIsVisible = 0;
			defaultConfigurationName = Release;
		};
		98910E172452154C00385F91 /* Build configuration list for PBXNativeTarget "OOP_6" */ = {
			isa = XCConfigurationList;
			buildConfigurations = (
				98910E182452154C00385F91 /* Debug */,
				98910E192452154C00385F91 /* Release */,
			);
			defaultConfigurationIsVisible = 0;
			defaultConfigurationName = Release;
		};
/* End XCConfigurationList section */
	};
	rootObject = 98910E082452154C00385F91 /* Project object */;
}
